
Microsoft Visual Studio Solution File, Format Version 12.00
# Visual Studio 15
VisualStudioVersion = 15.0.27703.2042
MinimumVisualStudioVersion = 10.0.40219.1
Project("{9092AA53-FB77-4645-B42D-1CCCA6BD08BD}") = "NodejsWebApp1", "NodejsWebApp1\NodejsWebApp1.njsproj", "{FB85B726-1062-40A0-AD0B-0626DA572AA2}"
EndProject
Global
	GlobalSection(SolutionConfigurationPlatforms) = preSolution
		Debug|Any CPU = Debug|Any CPU
		Release|Any CPU = Release|Any CPU
	EndGlobalSection
	GlobalSection(ProjectConfigurationPlatforms) = postSolution
		{FB85B726-1062-40A0-AD0B-0626DA572AA2}.Debug|Any CPU.ActiveCfg = Debug|Any CPU
		{FB85B726-1062-40A0-AD0B-0626DA572AA2}.Debug|Any CPU.Build.0 = Debug|Any CPU
		{FB85B726-1062-40A0-AD0B-0626DA572AA2}.Release|Any CPU.ActiveCfg = Release|Any CPU
		{FB85B726-1062-40A0-AD0B-0626DA572AA2}.Release|Any CPU.Build.0 = Release|Any CPU
	EndGlobalSection
	GlobalSection(SolutionProperties) = preSolution
		HideSolutionNode = FALSE
	EndGlobalSection
	GlobalSection(ExtensibilityGlobals) = postSolution
		SolutionGuid = {7F9A03F1-EF70-494D-8344-6D4530E77180}
	EndGlobalSection
EndGlobal
